
Microsoft Visual Studio Solution File, Format Version 12.00
# Visual Studio Version 17
VisualStudioVersion = 17.8.34330.188
MinimumVisualStudioVersion = 10.0.40219.1
Project("{FAE04EC0-301F-11D3-BF4B-00C04F79EFBC}") = "money_transfer_server-side", "money_transfer_server-side.csproj", "{7D85FF3B-07DF-4025-A603-0D268D8530FC}"
EndProject
Global
	GlobalSection(SolutionConfigurationPlatforms) = preSolution
		Debug|Any CPU = Debug|Any CPU
		Release|Any CPU = Release|Any CPU
	EndGlobalSection
	GlobalSection(ProjectConfigurationPlatforms) = postSolution
		{7D85FF3B-07DF-4025-A603-0D268D8530FC}.Debug|Any CPU.ActiveCfg = Debug|Any CPU
		{7D85FF3B-07DF-4025-A603-0D268D8530FC}.Debug|Any CPU.Build.0 = Debug|Any CPU
		{7D85FF3B-07DF-4025-A603-0D268D8530FC}.Release|Any CPU.ActiveCfg = Release|Any CPU
		{7D85FF3B-07DF-4025-A603-0D268D8530FC}.Release|Any CPU.Build.0 = Release|Any CPU
	EndGlobalSection
	GlobalSection(SolutionProperties) = preSolution
		HideSolutionNode = FALSE
	EndGlobalSection
	GlobalSection(ExtensibilityGlobals) = postSolution
		SolutionGuid = {A416EA62-D9EE-494A-8E12-426291080874}
	EndGlobalSection
EndGlobal
